
Microsoft Visual Studio Solution File, Format Version 12.00
# Visual Studio Version 16
VisualStudioVersion = 16.0.33214.272
MinimumVisualStudioVersion = 10.0.40219.1
Project("{FAE04EC0-301F-11D3-BF4B-00C04F79EFBC}") = "Lomey", "Lomey\Lomey.csproj", "{DF18E001-8A58-4715-9652-1FD5CDC37ACB}"
EndProject
Global
	GlobalSection(SolutionConfigurationPlatforms) = preSolution
		Debug|Any CPU = Debug|Any CPU
		Release|Any CPU = Release|Any CPU
	EndGlobalSection
	GlobalSection(ProjectConfigurationPlatforms) = postSolution
		{DF18E001-8A58-4715-9652-1FD5CDC37ACB}.Debug|Any CPU.ActiveCfg = Debug|Any CPU
		{DF18E001-8A58-4715-9652-1FD5CDC37ACB}.Debug|Any CPU.Build.0 = Debug|Any CPU
		{DF18E001-8A58-4715-9652-1FD5CDC37ACB}.Release|Any CPU.ActiveCfg = Release|Any CPU
		{DF18E001-8A58-4715-9652-1FD5CDC37ACB}.Release|Any CPU.Build.0 = Release|Any CPU
	EndGlobalSection
	GlobalSection(SolutionProperties) = preSolution
		HideSolutionNode = FALSE
	EndGlobalSection
	GlobalSection(ExtensibilityGlobals) = postSolution
		SolutionGuid = {2D25E446-A701-4665-B6CD-510FD5CF8E20}
	EndGlobalSection
EndGlobal
